
Microsoft Visual Studio Solution File, Format Version 12.00
# Visual Studio Version 17
VisualStudioVersion = 17.2.32602.215
MinimumVisualStudioVersion = 10.0.40219.1
Project("{FAE04EC0-301F-11D3-BF4B-00C04F79EFBC}") = "Person", "Person\Person.csproj", "{9B22AAF1-9B98-4D59-A86C-FA0FE0EA322E}"
EndProject
Global
	GlobalSection(SolutionConfigurationPlatforms) = preSolution
		Debug|Any CPU = Debug|Any CPU
		Release|Any CPU = Release|Any CPU
	EndGlobalSection
	GlobalSection(ProjectConfigurationPlatforms) = postSolution
		{9B22AAF1-9B98-4D59-A86C-FA0FE0EA322E}.Debug|Any CPU.ActiveCfg = Debug|Any CPU
		{9B22AAF1-9B98-4D59-A86C-FA0FE0EA322E}.Debug|Any CPU.Build.0 = Debug|Any CPU
		{9B22AAF1-9B98-4D59-A86C-FA0FE0EA322E}.Release|Any CPU.ActiveCfg = Release|Any CPU
		{9B22AAF1-9B98-4D59-A86C-FA0FE0EA322E}.Release|Any CPU.Build.0 = Release|Any CPU
	EndGlobalSection
	GlobalSection(SolutionProperties) = preSolution
		HideSolutionNode = FALSE
	EndGlobalSection
	GlobalSection(ExtensibilityGlobals) = postSolution
		SolutionGuid = {EC890073-9B21-4F30-85C1-D91405EF8582}
	EndGlobalSection
EndGlobal
